{
  "nodes": {
    "nixpkgs": {
      "locked": {
        "lastModified": 1672326356,
        "narHash": "sha256-HgRFooGBKe8hZN3yorzfJIyZ2JxTKRSKRUZYjJKI6p0=",
        "owner": "NixOS",
        "repo": "nixpkgs",
        "rev": "171068ed83c5d45e376e5155525f8c07fe2354b4",
        "type": "github"
      },
      "original": {
        "owner": "NixOS",
        "repo": "nixpkgs",
        "rev": "171068ed83c5d45e376e5155525f8c07fe2354b4",
        "type": "github"
      }
    },
    "root": {
      "inputs": {
        "nixpkgs": "nixpkgs"
      }
    }
  },
  "root": "root",
  "version": 7
}
